
Microsoft Visual Studio Solution File, Format Version 12.00
# Visual Studio 2013
VisualStudioVersion = 12.0.31101.0
MinimumVisualStudioVersion = 10.0.40219.1
Project("{2150E333-8FDC-42A3-9474-1A3956D46DE8}") = "Solution Items", "Solution Items", "{ECD3F941-CBD5-4A80-A845-AA060FBEA975}"
	ProjectSection(SolutionItems) = preProject
		README.md = README.md
	EndProjectSection
EndProject
Project("{2150E333-8FDC-42A3-9474-1A3956D46DE8}") = "src", "src", "{C83D4884-0693-4AFB-8E0F-BF7D5F5B492B}"
EndProject
Project("{2150E333-8FDC-42A3-9474-1A3956D46DE8}") = "test", "test", "{455984A6-BBBB-46ED-A148-8A2ABFBA95EC}"
EndProject
Project("{FAE04EC0-301F-11D3-BF4B-00C04F79EFBC}") = "ph4n.Common", "src\ph4n.Common\ph4n.Common.csproj", "{B5DF2282-B875-4022-B2A2-B834A6D9A618}"
EndProject
Project("{FAE04EC0-301F-11D3-BF4B-00C04F79EFBC}") = "ph4n.Test", "test\ph4n.Test\ph4n.Test.csproj", "{B879A015-7969-47F4-BFE4-2F3CC9691D09}"
EndProject
Project("{FAE04EC0-301F-11D3-BF4B-00C04F79EFBC}") = "ph4n.Threading", "src\ph4n.Threading\ph4n.Threading.csproj", "{9AB6CFE7-E70F-4C06-A66E-FA179AB56AC5}"
EndProject
Global
	GlobalSection(SolutionConfigurationPlatforms) = preSolution
		Debug|Any CPU = Debug|Any CPU
		Release|Any CPU = Release|Any CPU
	EndGlobalSection
	GlobalSection(ProjectConfigurationPlatforms) = postSolution
		{B5DF2282-B875-4022-B2A2-B834A6D9A618}.Debug|Any CPU.ActiveCfg = Debug|Any CPU
		{B5DF2282-B875-4022-B2A2-B834A6D9A618}.Debug|Any CPU.Build.0 = Debug|Any CPU
		{B5DF2282-B875-4022-B2A2-B834A6D9A618}.Release|Any CPU.ActiveCfg = Release|Any CPU
		{B5DF2282-B875-4022-B2A2-B834A6D9A618}.Release|Any CPU.Build.0 = Release|Any CPU
		{B879A015-7969-47F4-BFE4-2F3CC9691D09}.Debug|Any CPU.ActiveCfg = Debug|Any CPU
		{B879A015-7969-47F4-BFE4-2F3CC9691D09}.Debug|Any CPU.Build.0 = Debug|Any CPU
		{B879A015-7969-47F4-BFE4-2F3CC9691D09}.Release|Any CPU.ActiveCfg = Release|Any CPU
		{B879A015-7969-47F4-BFE4-2F3CC9691D09}.Release|Any CPU.Build.0 = Release|Any CPU
		{9AB6CFE7-E70F-4C06-A66E-FA179AB56AC5}.Debug|Any CPU.ActiveCfg = Debug|Any CPU
		{9AB6CFE7-E70F-4C06-A66E-FA179AB56AC5}.Debug|Any CPU.Build.0 = Debug|Any CPU
		{9AB6CFE7-E70F-4C06-A66E-FA179AB56AC5}.Release|Any CPU.ActiveCfg = Release|Any CPU
		{9AB6CFE7-E70F-4C06-A66E-FA179AB56AC5}.Release|Any CPU.Build.0 = Release|Any CPU
	EndGlobalSection
	GlobalSection(SolutionProperties) = preSolution
		HideSolutionNode = FALSE
	EndGlobalSection
	GlobalSection(NestedProjects) = preSolution
		{B5DF2282-B875-4022-B2A2-B834A6D9A618} = {C83D4884-0693-4AFB-8E0F-BF7D5F5B492B}
		{B879A015-7969-47F4-BFE4-2F3CC9691D09} = {455984A6-BBBB-46ED-A148-8A2ABFBA95EC}
		{9AB6CFE7-E70F-4C06-A66E-FA179AB56AC5} = {C83D4884-0693-4AFB-8E0F-BF7D5F5B492B}
	EndGlobalSection
EndGlobal
